
Microsoft Visual Studio Solution File, Format Version 12.00
# Visual Studio Version 17
VisualStudioVersion = 17.0.31903.59
MinimumVisualStudioVersion = 10.0.40219.1
Project("{FAE04EC0-301F-11D3-BF4B-00C04F79EFBC}") = "HomeCatApi", "src\HomeCatApi\HomeCatApi.csproj", "{A63D4F3D-7F6C-4398-ADB5-C5B5F9906EF3}"
EndProject
Project("{2150E333-8FDC-42A3-9474-1A3956D46DE8}") = "UI", "UI", "{542B2C4C-624B-4468-8E4F-EB793915485A}"
EndProject
Project("{2150E333-8FDC-42A3-9474-1A3956D46DE8}") = "Logic", "Logic", "{B14A7A85-36F1-4DEC-9E8A-8AE261782B5E}"
EndProject
Project("{2150E333-8FDC-42A3-9474-1A3956D46DE8}") = "CrossCutting", "CrossCutting", "{A9E5B551-907A-4EDB-B06D-2D5B369C5118}"
EndProject
Project("{2150E333-8FDC-42A3-9474-1A3956D46DE8}") = "Data", "Data", "{2D18B915-DD21-4E3F-86CD-76600A1694D2}"
EndProject
Project("{FAE04EC0-301F-11D3-BF4B-00C04F79EFBC}") = "HomeCat.Logic", "src\HomeCat.Logic\HomeCat.Logic.csproj", "{7ADC78FB-603A-40B9-A20A-FDAAF86AA7D2}"
EndProject
Project("{FAE04EC0-301F-11D3-BF4B-00C04F79EFBC}") = "HomeCat.Data", "src\HomeCat.Data\HomeCat.Data.csproj", "{5D48DC20-A9EB-495F-97FF-12D4D6499751}"
EndProject
Project("{FAE04EC0-301F-11D3-BF4B-00C04F79EFBC}") = "HomeCat.Models", "src\HomeCat.Models\HomeCat.Models.csproj", "{26D33094-4AA6-4E84-9EEB-386083208432}"
EndProject
Global
	GlobalSection(SolutionConfigurationPlatforms) = preSolution
		Debug|Any CPU = Debug|Any CPU
		Release|Any CPU = Release|Any CPU
	EndGlobalSection
	GlobalSection(SolutionProperties) = preSolution
		HideSolutionNode = FALSE
	EndGlobalSection
	GlobalSection(ProjectConfigurationPlatforms) = postSolution
		{A63D4F3D-7F6C-4398-ADB5-C5B5F9906EF3}.Debug|Any CPU.ActiveCfg = Debug|Any CPU
		{A63D4F3D-7F6C-4398-ADB5-C5B5F9906EF3}.Debug|Any CPU.Build.0 = Debug|Any CPU
		{A63D4F3D-7F6C-4398-ADB5-C5B5F9906EF3}.Release|Any CPU.ActiveCfg = Release|Any CPU
		{A63D4F3D-7F6C-4398-ADB5-C5B5F9906EF3}.Release|Any CPU.Build.0 = Release|Any CPU
		{7ADC78FB-603A-40B9-A20A-FDAAF86AA7D2}.Debug|Any CPU.ActiveCfg = Debug|Any CPU
		{7ADC78FB-603A-40B9-A20A-FDAAF86AA7D2}.Debug|Any CPU.Build.0 = Debug|Any CPU
		{7ADC78FB-603A-40B9-A20A-FDAAF86AA7D2}.Release|Any CPU.ActiveCfg = Release|Any CPU
		{7ADC78FB-603A-40B9-A20A-FDAAF86AA7D2}.Release|Any CPU.Build.0 = Release|Any CPU
		{5D48DC20-A9EB-495F-97FF-12D4D6499751}.Debug|Any CPU.ActiveCfg = Debug|Any CPU
		{5D48DC20-A9EB-495F-97FF-12D4D6499751}.Debug|Any CPU.Build.0 = Debug|Any CPU
		{5D48DC20-A9EB-495F-97FF-12D4D6499751}.Release|Any CPU.ActiveCfg = Release|Any CPU
		{5D48DC20-A9EB-495F-97FF-12D4D6499751}.Release|Any CPU.Build.0 = Release|Any CPU
		{26D33094-4AA6-4E84-9EEB-386083208432}.Debug|Any CPU.ActiveCfg = Debug|Any CPU
		{26D33094-4AA6-4E84-9EEB-386083208432}.Debug|Any CPU.Build.0 = Debug|Any CPU
		{26D33094-4AA6-4E84-9EEB-386083208432}.Release|Any CPU.ActiveCfg = Release|Any CPU
		{26D33094-4AA6-4E84-9EEB-386083208432}.Release|Any CPU.Build.0 = Release|Any CPU
	EndGlobalSection
	GlobalSection(NestedProjects) = preSolution
		{A63D4F3D-7F6C-4398-ADB5-C5B5F9906EF3} = {542B2C4C-624B-4468-8E4F-EB793915485A}
		{7ADC78FB-603A-40B9-A20A-FDAAF86AA7D2} = {B14A7A85-36F1-4DEC-9E8A-8AE261782B5E}
		{5D48DC20-A9EB-495F-97FF-12D4D6499751} = {2D18B915-DD21-4E3F-86CD-76600A1694D2}
		{26D33094-4AA6-4E84-9EEB-386083208432} = {A9E5B551-907A-4EDB-B06D-2D5B369C5118}
	EndGlobalSection
EndGlobal
